
Microsoft Visual Studio Solution File, Format Version 12.00
# Visual Studio Version 16
VisualStudioVersion = 16.0.30028.174
MinimumVisualStudioVersion = 10.0.40219.1
Project("{FAE04EC0-301F-11D3-BF4B-00C04F79EFBC}") = "BlazorGitHubPagesSpa1", "BlazorGitHubPagesSpa1\BlazorGitHubPagesSpa1.csproj", "{0ED202DF-31CE-4B69-87CA-C3AA738DAD11}"
EndProject
Global
	GlobalSection(SolutionConfigurationPlatforms) = preSolution
		Debug|Any CPU = Debug|Any CPU
		Release|Any CPU = Release|Any CPU
	EndGlobalSection
	GlobalSection(ProjectConfigurationPlatforms) = postSolution
		{0ED202DF-31CE-4B69-87CA-C3AA738DAD11}.Debug|Any CPU.ActiveCfg = Debug|Any CPU
		{0ED202DF-31CE-4B69-87CA-C3AA738DAD11}.Debug|Any CPU.Build.0 = Debug|Any CPU
		{0ED202DF-31CE-4B69-87CA-C3AA738DAD11}.Release|Any CPU.ActiveCfg = Release|Any CPU
		{0ED202DF-31CE-4B69-87CA-C3AA738DAD11}.Release|Any CPU.Build.0 = Release|Any CPU
	EndGlobalSection
	GlobalSection(SolutionProperties) = preSolution
		HideSolutionNode = FALSE
	EndGlobalSection
	GlobalSection(ExtensibilityGlobals) = postSolution
		SolutionGuid = {9B032FEB-DB4E-44F3-BD4D-5B10110CC3E3}
	EndGlobalSection
EndGlobal
